github.com/yuin/goldmark v1.4.11 h1:i45YIzqLnUc2tGaTlJCyUxSG8TvgyGqhqOZOUKIjJ6w=
github.com/yuin/goldmark v1.4.11/go.mod h1:rmuwmfZ0+bvzB24eSC//bk1R1Zp3hM0OXYv/G2LIilg=
golang.org/x/exp v0.0.0-20191002040644-a1355ae1e2c3 h1:n9HxLrNxWWtEb1cA950nuEEj3QnKbtsCJ6KjcgisNUs=
golang.org/x/mod v0.6.0-dev.0.20220106191415-9b9b3d81d5e3 h1:kQgndtyPBW/JIYERgdxfwMYh3AVStj88WQTlNDi2a+o=
golang.org/x/mod v0.6.0-dev.0.20220106191415-9b9b3d81d5e3/go.mod h1:3p9vT2HGsQu2K1YbXdKPJLVgG5VJdoTa1poYQBtP1AY=
golang.org/x/net v0.0.0-20220418201149-a630d4f3e7a2 h1:6mzvA99KwZxbOrxww4EvWVQUnN1+xEu9tafK5ZxkYeA=
golang.org/x/net v0.0.0-20220418201149-a630d4f3e7a2/go.mod h1:CfG3xpIq0wQ8r1q4Su4UZFWDARRcnwPjda9FqA0JpMk=
golang.org/x/sys v0.0.0-20220412211240-33da011f77ad h1:ntjMns5wyP/fN65tdBD4g8J5w8n015+iIIs9rtjXkY0=
golang.org/x/sys v0.0.0-20220412211240-33da011f77ad/go.mod h1:oPkhp1MJrh7nUepCBck5+mAzfO9JrbApNNgaTdGDITg=
golang.org/x/tools v0.1.10 h1:QjFRCZxdOhBJ/UNgnBZLbNV13DlbnK0quyivTnXJM20=
golang.org/x/tools v0.1.10/go.mod h1:Uh6Zz+xoGYZom868N8YTex3t7RhtHDBrE8Gzo9bV56E=
golang.org/x/xerrors v0.0.0-20220411194840-2f41105eb62f h1:GGU+dLjvlC3qDwqYgL6UgRmHXhOOgns0bZu2Ty5mm6U=
golang.org/x/xerrors v0.0.0-20220411194840-2f41105eb62f/go.mod h1:I/5z698sn9Ka8TeJc9MKroUUfqBBauWjQqLJ2OPfmY0=
gonum.org/v1/gonum v0.11.0 h1:f1IJhK4Km5tBJmaiJXtk/PkL4cdVX6J+tGiM187uT5E=
gonum.org/v1/gonum v0.11.0/go.mod h1:fSG4YDCxxUZQJ7rKsQrj0gMOg00Il0Z96/qMA4bVQhA=
